github.com/rabbitmq/amqp091-go v1.12.0 h1:V0v14Iqfs+MwHWihJt/nGS5Ulu0vw572b2Co3mwunkI=
github.com/rabbitmq/amqp091-go v1.12.0/go.mod h1:Hy4jKW5kQART1u+JkDTF9YYOQUHXqMuhrgxOEeS7G4o=
github.com/wagslane/go-rabbitmq v0.16.1 h1:24sZtBsMjZTL1566qtMebQE/q/YyV5Y19e5auStm0+s=
github.com/wagslane/go-rabbitmq v0.16.1/go.mod h1:t31dapQDZh9O0knPAc0R5ujxLTWzmQ7IyqImBkBzuW4=
golang.org/x/crypto v0.57.0 h1:3ZVCjf8Ggz7zneR/EHRVx68Ctf+2pmIMP2UFhh9cC6M=
golang.org/x/crypto v0.57.0/go.mod h1:Fdz0i5U6CoizGwLda9DttjSk6qlZo25zYNtR+ycvuZA=
